// !$*UTF8*$!
{
	archiveVersion = 1;
	classes = {
	};
	objectVersion = 56;
	objects = {

/* Begin PBXBuildFile section */
		07555D509F02077CB7D4CAB6 /* Pods_Banner_practice.framework in Frameworks */ = {isa = PBXBuildFile; fileRef = E918A3E773E5F643419610AB /* Pods_Banner_practice.framework */; };
		B826A4292AB439FF00B85DF5 /* CommonPanModal.swift in Sources */ = {isa = PBXBuildFile; fileRef = B826A4282AB439FF00B85DF5 /* CommonPanModal.swift */; };
		B826A42B2AB4446100B85DF5 /* BaseNavigationViewController.swift in Sources */ = {isa = PBXBuildFile; fileRef = B826A42A2AB4446100B85DF5 /* BaseNavigationViewController.swift */; };
		B826A42E2AB4542800B85DF5 /* CommonWebViewController.swift in Sources */ = {isa = PBXBuildFile; fileRef = B826A42D2AB4542800B85DF5 /* CommonWebViewController.swift */; };
		B826A4302AB4543800B85DF5 /* CommonWebView.swift in Sources */ = {isa = PBXBuildFile; fileRef = B826A42F2AB4543800B85DF5 /* CommonWebView.swift */; };
		B83230872AA99ADB0058EFCD /* AnimationViewController.swift in Sources */ = {isa = PBXBuildFile; fileRef = B83230862AA99ADB0058EFCD /* AnimationViewController.swift */; };
		B832308A2AA99B0B0058EFCD /* AnimationViewModel.swift in Sources */ = {isa = PBXBuildFile; fileRef = B83230892AA99B0B0058EFCD /* AnimationViewModel.swift */; };
		B832308D2AA9A3710058EFCD /* AnimateItemTableViewCell.swift in Sources */ = {isa = PBXBuildFile; fileRef = B832308C2AA9A3710058EFCD /* AnimateItemTableViewCell.swift */; };
		B832308F2AA9A3810058EFCD /* AnimateHeaderTableViewCell.swift in Sources */ = {isa = PBXBuildFile; fileRef = B832308E2AA9A3810058EFCD /* AnimateHeaderTableViewCell.swift */; };
		B84FE2E12AA809A600184D78 /* Rx+extension.swift in Sources */ = {isa = PBXBuildFile; fileRef = B84FE2E02AA809A600184D78 /* Rx+extension.swift */; };
		B855A1972AA9BA9D00C8AC65 /* UIView+extension.swift in Sources */ = {isa = PBXBuildFile; fileRef = B855A1962AA9BA9D00C8AC65 /* UIView+extension.swift */; };
		B855A1992AAAE5CA00C8AC65 /* AnimateThumbnailView.swift in Sources */ = {isa = PBXBuildFile; fileRef = B855A1982AAAE5CA00C8AC65 /* AnimateThumbnailView.swift */; };
		B855A19B2AAAEB3200C8AC65 /* AnimateNavigationBackgroundView.swift in Sources */ = {isa = PBXBuildFile; fileRef = B855A19A2AAAEB3200C8AC65 /* AnimateNavigationBackgroundView.swift */; };
		B855A19D2AAAED5800C8AC65 /* AnimateTableView.swift in Sources */ = {isa = PBXBuildFile; fileRef = B855A19C2AAAED5800C8AC65 /* AnimateTableView.swift */; };
		B85A8B212AB2A6E200A6D50F /* CommonRepository.swift in Sources */ = {isa = PBXBuildFile; fileRef = B85A8B202AB2A6E200A6D50F /* CommonRepository.swift */; };
		B85A8B242AB2A79D00A6D50F /* StorageProtocol.swift in Sources */ = {isa = PBXBuildFile; fileRef = B85A8B232AB2A79D00A6D50F /* StorageProtocol.swift */; };
		B85A8B262AB2BE5800A6D50F /* TestPanModal.swift in Sources */ = {isa = PBXBuildFile; fileRef = B85A8B252AB2BE5800A6D50F /* TestPanModal.swift */; };
		B85A8B312AB2C07800A6D50F /* TestPanModalViewModel.swift in Sources */ = {isa = PBXBuildFile; fileRef = B85A8B302AB2C07800A6D50F /* TestPanModalViewModel.swift */; };
		B85A8B342AB2C45D00A6D50F /* TestTabBarViewController.swift in Sources */ = {isa = PBXBuildFile; fileRef = B85A8B332AB2C45D00A6D50F /* TestTabBarViewController.swift */; };
		B85A8B3A2AB2D3C100A6D50F /* BasePagerViewController.swift in Sources */ = {isa = PBXBuildFile; fileRef = B85A8B392AB2D3C100A6D50F /* BasePagerViewController.swift */; };
		B85A8B3D2AB2D4D400A6D50F /* TestPagerViewController.swift in Sources */ = {isa = PBXBuildFile; fileRef = B85A8B3C2AB2D4D400A6D50F /* TestPagerViewController.swift */; };
		B85A8B3F2AB2D4DC00A6D50F /* TestPagerViewModel.swift in Sources */ = {isa = PBXBuildFile; fileRef = B85A8B3E2AB2D4DC00A6D50F /* TestPagerViewModel.swift */; };
		B85A8B422AB2D51F00A6D50F /* TestChildAlphaViewController.swift in Sources */ = {isa = PBXBuildFile; fileRef = B85A8B412AB2D51F00A6D50F /* TestChildAlphaViewController.swift */; };
		B85A8B462AB2D54700A6D50F /* TestChildAlphaViewModel.swift in Sources */ = {isa = PBXBuildFile; fileRef = B85A8B452AB2D54700A6D50F /* TestChildAlphaViewModel.swift */; };
		B85A8B482AB2D59A00A6D50F /* TestChildBetaViewController.swift in Sources */ = {isa = PBXBuildFile; fileRef = B85A8B472AB2D59A00A6D50F /* TestChildBetaViewController.swift */; };
		B85A8B4A2AB2D5B600A6D50F /* TestChildBetaViewModel.swift in Sources */ = {isa = PBXBuildFile; fileRef = B85A8B492AB2D5B600A6D50F /* TestChildBetaViewModel.swift */; };
		B85A8B4C2AB2D9B500A6D50F /* AppConfigure.swift in Sources */ = {isa = PBXBuildFile; fileRef = B85A8B4B2AB2D9B500A6D50F /* AppConfigure.swift */; };
		B85A8B512AB2FBED00A6D50F /* TestMainViewController.swift in Sources */ = {isa = PBXBuildFile; fileRef = B85A8B502AB2FBED00A6D50F /* TestMainViewController.swift */; };
		B85A8B532AB2FC1D00A6D50F /* TestNFTViewController.swift in Sources */ = {isa = PBXBuildFile; fileRef = B85A8B522AB2FC1D00A6D50F /* TestNFTViewController.swift */; };
		B85A8B552AB2FC3700A6D50F /* TestMetaViewController.swift in Sources */ = {isa = PBXBuildFile; fileRef = B85A8B542AB2FC3700A6D50F /* TestMetaViewController.swift */; };
		B862DC8E2AA0688100E3E3BC /* MainViewModel.swift in Sources */ = {isa = PBXBuildFile; fileRef = B862DC8D2AA0688100E3E3BC /* MainViewModel.swift */; };
		B862DC912AA069F800E3E3BC /* MainBannerCollectionViewCell.swift in Sources */ = {isa = PBXBuildFile; fileRef = B862DC902AA069F800E3E3BC /* MainBannerCollectionViewCell.swift */; };
		B862DC942AA074D900E3E3BC /* MainBannerItemAttribute.swift in Sources */ = {isa = PBXBuildFile; fileRef = B862DC932AA074D900E3E3BC /* MainBannerItemAttribute.swift */; };
		B86855E82AA5B1B2000B65FC /* BaseViewControllerLifeCycleStatus.swift in Sources */ = {isa = PBXBuildFile; fileRef = B86855E72AA5B1B2000B65FC /* BaseViewControllerLifeCycleStatus.swift */; };
		B86855EB2AA6ACDF000B65FC /* SplashViewController.swift in Sources */ = {isa = PBXBuildFile; fileRef = B86855EA2AA6ACDF000B65FC /* SplashViewController.swift */; };
		B86855ED2AA6ACFE000B65FC /* SplashViewModel.swift in Sources */ = {isa = PBXBuildFile; fileRef = B86855EC2AA6ACFE000B65FC /* SplashViewModel.swift */; };
		B86855EF2AA6F321000B65FC /* BaseViewControllerProtocol.swift in Sources */ = {isa = PBXBuildFile; fileRef = B86855EE2AA6F321000B65FC /* BaseViewControllerProtocol.swift */; };
		B87EF21F2AAEEC24002C65A6 /* R.generated.swift in Sources */ = {isa = PBXBuildFile; fileRef = B87EF21E2AAEEC24002C65A6 /* R.generated.swift */; };
		B87EF2252AAEEE25002C65A6 /* NotoSans-SemiBold.ttf in Resources */ = {isa = PBXBuildFile; fileRef = B87EF2242AAEEC80002C65A6 /* NotoSans-SemiBold.ttf */; };
		B87EF2262AAEEE28002C65A6 /* NotoSans-Regular.ttf in Resources */ = {isa = PBXBuildFile; fileRef = B87EF2232AAEEC80002C65A6 /* NotoSans-Regular.ttf */; };
		B87EF2282AAEEF32002C65A6 /* defaultLoading.json in Resources */ = {isa = PBXBuildFile; fileRef = B87EF2272AAEEF32002C65A6 /* defaultLoading.json */; };
		B87EF22C2AAEF08C002C65A6 /* Lottie.swift in Sources */ = {isa = PBXBuildFile; fileRef = B87EF22B2AAEF08C002C65A6 /* Lottie.swift */; };
		B87EF22E2AAEF2D0002C65A6 /* CommonLoadingView.swift in Sources */ = {isa = PBXBuildFile; fileRef = B87EF22D2AAEF2D0002C65A6 /* CommonLoadingView.swift */; };
		B88427942AA15EFE00C6345F /* UIViewController+extension.swift in Sources */ = {isa = PBXBuildFile; fileRef = B88427932AA15EFE00C6345F /* UIViewController+extension.swift */; };
		B88427972AA1726800C6345F /* UIIconImageView.swift in Sources */ = {isa = PBXBuildFile; fileRef = B88427962AA1726800C6345F /* UIIconImageView.swift */; };
		B884279E2AA17FE300C6345F /* MainRepository.swift in Sources */ = {isa = PBXBuildFile; fileRef = B884279D2AA17FE300C6345F /* MainRepository.swift */; };
		B88427A12AA19CD600C6345F /* BaseViewController.swift in Sources */ = {isa = PBXBuildFile; fileRef = B88427A02AA19CD600C6345F /* BaseViewController.swift */; };
		B88427A32AA19CE800C6345F /* BaseViewModel.swift in Sources */ = {isa = PBXBuildFile; fileRef = B88427A22AA19CE800C6345F /* BaseViewModel.swift */; };
		B88AD6B72AAE9CFD008C5C16 /* CommonToast.swift in Sources */ = {isa = PBXBuildFile; fileRef = B88AD6B62AAE9CFD008C5C16 /* CommonToast.swift */; };
		B8A7980E2AA886D100C59C93 /* MainNavigationItemContainer.swift in Sources */ = {isa = PBXBuildFile; fileRef = B8A7980D2AA886D100C59C93 /* MainNavigationItemContainer.swift */; };
		B8AE12722AAFFC5E0074298E /* CommonEmptyView.swift in Sources */ = {isa = PBXBuildFile; fileRef = B8AE12712AAFFC5E0074298E /* CommonEmptyView.swift */; };
		B8AE12742AB002B80074298E /* CommonBlurView.swift in Sources */ = {isa = PBXBuildFile; fileRef = B8AE12732AB002B80074298E /* CommonBlurView.swift */; };
		B8AE12772AB025E70074298E /* EntranceViewProtocol.swift in Sources */ = {isa = PBXBuildFile; fileRef = B8AE12762AB025E70074298E /* EntranceViewProtocol.swift */; };
		B8AE127B2AB041A70074298E /* CommonRetryView.swift in Sources */ = {isa = PBXBuildFile; fileRef = B8AE127A2AB041A70074298E /* CommonRetryView.swift */; };
		B8AE127D2AB06A0A0074298E /* RetryEnableProtocol.swift in Sources */ = {isa = PBXBuildFile; fileRef = B8AE127C2AB06A0A0074298E /* RetryEnableProtocol.swift */; };
		B8BA394C2AA064B400F4B4F9 /* AppDelegate.swift in Sources */ = {isa = PBXBuildFile; fileRef = B8BA394B2AA064B400F4B4F9 /* AppDelegate.swift */; };
		B8BA394E2AA064B400F4B4F9 /* SceneDelegate.swift in Sources */ = {isa = PBXBuildFile; fileRef = B8BA394D2AA064B400F4B4F9 /* SceneDelegate.swift */; };
		B8BA39552AA064B500F4B4F9 /* Assets.xcassets in Resources */ = {isa = PBXBuildFile; fileRef = B8BA39542AA064B500F4B4F9 /* Assets.xcassets */; };
		B8BA39582AA064B500F4B4F9 /* LaunchScreen.storyboard in Resources */ = {isa = PBXBuildFile; fileRef = B8BA39562AA064B500F4B4F9 /* LaunchScreen.storyboard */; };
		B8BA39602AA064FB00F4B4F9 /* MainViewController.swift in Sources */ = {isa = PBXBuildFile; fileRef = B8BA395F2AA064FB00F4B4F9 /* MainViewController.swift */; };
/* End PBXBuildFile section */

/* Begin PBXFileReference section */
		35D2A4A3D7CD66E506B6956E /* Pods-Banner-practice.debug.xcconfig */ = {isa = PBXFileReference; includeInIndex = 1; lastKnownFileType = text.xcconfig; name = "Pods-Banner-practice.debug.xcconfig"; path = "Target Support Files/Pods-Banner-practice/Pods-Banner-practice.debug.xcconfig"; sourceTree = "<group>"; };
		581F9DCCCB3FF8C5A66FE4D1 /* Pods-Banner-practice.release.xcconfig */ = {isa = PBXFileReference; includeInIndex = 1; lastKnownFileType = text.xcconfig; name = "Pods-Banner-practice.release.xcconfig"; path = "Target Support Files/Pods-Banner-practice/Pods-Banner-practice.release.xcconfig"; sourceTree = "<group>"; };
		B826A4282AB439FF00B85DF5 /* CommonPanModal.swift */ = {isa = PBXFileReference; lastKnownFileType = sourcecode.swift; path = CommonPanModal.swift; sourceTree = "<group>"; };
		B826A42A2AB4446100B85DF5 /* BaseNavigationViewController.swift */ = {isa = PBXFileReference; lastKnownFileType = sourcecode.swift; path = BaseNavigationViewController.swift; sourceTree = "<group>"; };
		B826A42D2AB4542800B85DF5 /* CommonWebViewController.swift */ = {isa = PBXFileReference; lastKnownFileType = sourcecode.swift; path = CommonWebViewController.swift; sourceTree = "<group>"; };
		B826A42F2AB4543800B85DF5 /* CommonWebView.swift */ = {isa = PBXFileReference; lastKnownFileType = sourcecode.swift; path = CommonWebView.swift; sourceTree = "<group>"; };
		B83230862AA99ADB0058EFCD /* AnimationViewController.swift */ = {isa = PBXFileReference; lastKnownFileType = sourcecode.swift; path = AnimationViewController.swift; sourceTree = "<group>"; };
		B83230892AA99B0B0058EFCD /* AnimationViewModel.swift */ = {isa = PBXFileReference; lastKnownFileType = sourcecode.swift; path = AnimationViewModel.swift; sourceTree = "<group>"; };
		B832308C2AA9A3710058EFCD /* AnimateItemTableViewCell.swift */ = {isa = PBXFileReference; lastKnownFileType = sourcecode.swift; path = AnimateItemTableViewCell.swift; sourceTree = "<group>"; };
		B832308E2AA9A3810058EFCD /* AnimateHeaderTableViewCell.swift */ = {isa = PBXFileReference; lastKnownFileType = sourcecode.swift; path = AnimateHeaderTableViewCell.swift; sourceTree = "<group>"; };
		B84FE2E02AA809A600184D78 /* Rx+extension.swift */ = {isa = PBXFileReference; lastKnownFileType = sourcecode.swift; path = "Rx+extension.swift"; sourceTree = "<group>"; };
		B855A1962AA9BA9D00C8AC65 /* UIView+extension.swift */ = {isa = PBXFileReference; lastKnownFileType = sourcecode.swift; path = "UIView+extension.swift"; sourceTree = "<group>"; };
		B855A1982AAAE5CA00C8AC65 /* AnimateThumbnailView.swift */ = {isa = PBXFileReference; lastKnownFileType = sourcecode.swift; path = AnimateThumbnailView.swift; sourceTree = "<group>"; };
		B855A19A2AAAEB3200C8AC65 /* AnimateNavigationBackgroundView.swift */ = {isa = PBXFileReference; lastKnownFileType = sourcecode.swift; path = AnimateNavigationBackgroundView.swift; sourceTree = "<group>"; };
		B855A19C2AAAED5800C8AC65 /* AnimateTableView.swift */ = {isa = PBXFileReference; lastKnownFileType = sourcecode.swift; path = AnimateTableView.swift; sourceTree = "<group>"; };
		B85A8B202AB2A6E200A6D50F /* CommonRepository.swift */ = {isa = PBXFileReference; lastKnownFileType = sourcecode.swift; path = CommonRepository.swift; sourceTree = "<group>"; };
		B85A8B232AB2A79D00A6D50F /* StorageProtocol.swift */ = {isa = PBXFileReference; lastKnownFileType = sourcecode.swift; path = StorageProtocol.swift; sourceTree = "<group>"; };
		B85A8B252AB2BE5800A6D50F /* TestPanModal.swift */ = {isa = PBXFileReference; lastKnownFileType = sourcecode.swift; path = TestPanModal.swift; sourceTree = "<group>"; };
		B85A8B302AB2C07800A6D50F /* TestPanModalViewModel.swift */ = {isa = PBXFileReference; lastKnownFileType = sourcecode.swift; path = TestPanModalViewModel.swift; sourceTree = "<group>"; };
		B85A8B332AB2C45D00A6D50F /* TestTabBarViewController.swift */ = {isa = PBXFileReference; lastKnownFileType = sourcecode.swift; path = TestTabBarViewController.swift; sourceTree = "<group>"; };
		B85A8B392AB2D3C100A6D50F /* BasePagerViewController.swift */ = {isa = PBXFileReference; fileEncoding = 4; lastKnownFileType = sourcecode.swift; path = BasePagerViewController.swift; sourceTree = "<group>"; };
		B85A8B3C2AB2D4D400A6D50F /* TestPagerViewController.swift */ = {isa = PBXFileReference; lastKnownFileType = sourcecode.swift; path = TestPagerViewController.swift; sourceTree = "<group>"; };
		B85A8B3E2AB2D4DC00A6D50F /* TestPagerViewModel.swift */ = {isa = PBXFileReference; lastKnownFileType = sourcecode.swift; path = TestPagerViewModel.swift; sourceTree = "<group>"; };
		B85A8B412AB2D51F00A6D50F /* TestChildAlphaViewController.swift */ = {isa = PBXFileReference; lastKnownFileType = sourcecode.swift; path = TestChildAlphaViewController.swift; sourceTree = "<group>"; };
		B85A8B452AB2D54700A6D50F /* TestChildAlphaViewModel.swift */ = {isa = PBXFileReference; lastKnownFileType = sourcecode.swift; path = TestChildAlphaViewModel.swift; sourceTree = "<group>"; };
		B85A8B472AB2D59A00A6D50F /* TestChildBetaViewController.swift */ = {isa = PBXFileReference; lastKnownFileType = sourcecode.swift; path = TestChildBetaViewController.swift; sourceTree = "<group>"; };
		B85A8B492AB2D5B600A6D50F /* TestChildBetaViewModel.swift */ = {isa = PBXFileReference; lastKnownFileType = sourcecode.swift; path = TestChildBetaViewModel.swift; sourceTree = "<group>"; };
		B85A8B4B2AB2D9B500A6D50F /* AppConfigure.swift */ = {isa = PBXFileReference; lastKnownFileType = sourcecode.swift; path = AppConfigure.swift; sourceTree = "<group>"; };
		B85A8B502AB2FBED00A6D50F /* TestMainViewController.swift */ = {isa = PBXFileReference; lastKnownFileType = sourcecode.swift; path = TestMainViewController.swift; sourceTree = "<group>"; };
		B85A8B522AB2FC1D00A6D50F /* TestNFTViewController.swift */ = {isa = PBXFileReference; lastKnownFileType = sourcecode.swift; path = TestNFTViewController.swift; sourceTree = "<group>"; };
		B85A8B542AB2FC3700A6D50F /* TestMetaViewController.swift */ = {isa = PBXFileReference; lastKnownFileType = sourcecode.swift; path = TestMetaViewController.swift; sourceTree = "<group>"; };
		B862DC8D2AA0688100E3E3BC /* MainViewModel.swift */ = {isa = PBXFileReference; lastKnownFileType = sourcecode.swift; path = MainViewModel.swift; sourceTree = "<group>"; };
		B862DC902AA069F800E3E3BC /* MainBannerCollectionViewCell.swift */ = {isa = PBXFileReference; lastKnownFileType = sourcecode.swift; path = MainBannerCollectionViewCell.swift; sourceTree = "<group>"; };
		B862DC932AA074D900E3E3BC /* MainBannerItemAttribute.swift */ = {isa = PBXFileReference; lastKnownFileType = sourcecode.swift; path = MainBannerItemAttribute.swift; sourceTree = "<group>"; };
		B86855E72AA5B1B2000B65FC /* BaseViewControllerLifeCycleStatus.swift */ = {isa = PBXFileReference; lastKnownFileType = sourcecode.swift; path = BaseViewControllerLifeCycleStatus.swift; sourceTree = "<group>"; };
		B86855EA2AA6ACDF000B65FC /* SplashViewController.swift */ = {isa = PBXFileReference; lastKnownFileType = sourcecode.swift; path = SplashViewController.swift; sourceTree = "<group>"; };
		B86855EC2AA6ACFE000B65FC /* SplashViewModel.swift */ = {isa = PBXFileReference; lastKnownFileType = sourcecode.swift; path = SplashViewModel.swift; sourceTree = "<group>"; };
		B86855EE2AA6F321000B65FC /* BaseViewControllerProtocol.swift */ = {isa = PBXFileReference; lastKnownFileType = sourcecode.swift; path = BaseViewControllerProtocol.swift; sourceTree = "<group>"; };
		B87EF21E2AAEEC24002C65A6 /* R.generated.swift */ = {isa = PBXFileReference; fileEncoding = 4; lastKnownFileType = sourcecode.swift; path = R.generated.swift; sourceTree = "<group>"; };
		B87EF2232AAEEC80002C65A6 /* NotoSans-Regular.ttf */ = {isa = PBXFileReference; lastKnownFileType = file; name = "NotoSans-Regular.ttf"; path = "../../../../../../ios-native-tory/IOS-Native-Together/Utils/Resource/Font/NotoSans-Regular.ttf"; sourceTree = "<group>"; };
		B87EF2242AAEEC80002C65A6 /* NotoSans-SemiBold.ttf */ = {isa = PBXFileReference; lastKnownFileType = file; name = "NotoSans-SemiBold.ttf"; path = "../../../../../../ios-native-tory/IOS-Native-Together/Utils/Resource/Font/NotoSans-SemiBold.ttf"; sourceTree = "<group>"; };
		B87EF2272AAEEF32002C65A6 /* defaultLoading.json */ = {isa = PBXFileReference; fileEncoding = 4; lastKnownFileType = text.json; path = defaultLoading.json; sourceTree = "<group>"; };
		B87EF22B2AAEF08C002C65A6 /* Lottie.swift */ = {isa = PBXFileReference; lastKnownFileType = sourcecode.swift; path = Lottie.swift; sourceTree = "<group>"; };
		B87EF22D2AAEF2D0002C65A6 /* CommonLoadingView.swift */ = {isa = PBXFileReference; lastKnownFileType = sourcecode.swift; path = CommonLoadingView.swift; sourceTree = "<group>"; };
		B88427932AA15EFE00C6345F /* UIViewController+extension.swift */ = {isa = PBXFileReference; lastKnownFileType = sourcecode.swift; path = "UIViewController+extension.swift"; sourceTree = "<group>"; };
		B88427962AA1726800C6345F /* UIIconImageView.swift */ = {isa = PBXFileReference; lastKnownFileType = sourcecode.swift; path = UIIconImageView.swift; sourceTree = "<group>"; };
		B884279D2AA17FE300C6345F /* MainRepository.swift */ = {isa = PBXFileReference; lastKnownFileType = sourcecode.swift; path = MainRepository.swift; sourceTree = "<group>"; };
		B88427A02AA19CD600C6345F /* BaseViewController.swift */ = {isa = PBXFileReference; lastKnownFileType = sourcecode.swift; path = BaseViewController.swift; sourceTree = "<group>"; };
		B88427A22AA19CE800C6345F /* BaseViewModel.swift */ = {isa = PBXFileReference; lastKnownFileType = sourcecode.swift; path = BaseViewModel.swift; sourceTree = "<group>"; };
		B88AD6B62AAE9CFD008C5C16 /* CommonToast.swift */ = {isa = PBXFileReference; lastKnownFileType = sourcecode.swift; path = CommonToast.swift; sourceTree = "<group>"; };
		B8A7980D2AA886D100C59C93 /* MainNavigationItemContainer.swift */ = {isa = PBXFileReference; lastKnownFileType = sourcecode.swift; path = MainNavigationItemContainer.swift; sourceTree = "<group>"; };
		B8AE12712AAFFC5E0074298E /* CommonEmptyView.swift */ = {isa = PBXFileReference; lastKnownFileType = sourcecode.swift; path = CommonEmptyView.swift; sourceTree = "<group>"; };
		B8AE12732AB002B80074298E /* CommonBlurView.swift */ = {isa = PBXFileReference; lastKnownFileType = sourcecode.swift; path = CommonBlurView.swift; sourceTree = "<group>"; };
		B8AE12762AB025E70074298E /* EntranceViewProtocol.swift */ = {isa = PBXFileReference; lastKnownFileType = sourcecode.swift; path = EntranceViewProtocol.swift; sourceTree = "<group>"; };
		B8AE127A2AB041A70074298E /* CommonRetryView.swift */ = {isa = PBXFileReference; lastKnownFileType = sourcecode.swift; path = CommonRetryView.swift; sourceTree = "<group>"; };
		B8AE127C2AB06A0A0074298E /* RetryEnableProtocol.swift */ = {isa = PBXFileReference; lastKnownFileType = sourcecode.swift; path = RetryEnableProtocol.swift; sourceTree = "<group>"; };
		B8BA39482AA064B400F4B4F9 /* Banner-practice.app */ = {isa = PBXFileReference; explicitFileType = wrapper.application; includeInIndex = 0; path = "Banner-practice.app"; sourceTree = BUILT_PRODUCTS_DIR; };
		B8BA394B2AA064B400F4B4F9 /* AppDelegate.swift */ = {isa = PBXFileReference; lastKnownFileType = sourcecode.swift; path = AppDelegate.swift; sourceTree = "<group>"; };
		B8BA394D2AA064B400F4B4F9 /* SceneDelegate.swift */ = {isa = PBXFileReference; lastKnownFileType = sourcecode.swift; path = SceneDelegate.swift; sourceTree = "<group>"; };
		B8BA39542AA064B500F4B4F9 /* Assets.xcassets */ = {isa = PBXFileReference; lastKnownFileType = folder.assetcatalog; path = Assets.xcassets; sourceTree = "<group>"; };
		B8BA39572AA064B500F4B4F9 /* Base */ = {isa = PBXFileReference; lastKnownFileType = file.storyboard; name = Base; path = Base.lproj/LaunchScreen.storyboard; sourceTree = "<group>"; };
		B8BA39592AA064B500F4B4F9 /* Info.plist */ = {isa = PBXFileReference; lastKnownFileType = text.plist.xml; path = Info.plist; sourceTree = "<group>"; };
		B8BA395F2AA064FB00F4B4F9 /* MainViewController.swift */ = {isa = PBXFileReference; lastKnownFileType = sourcecode.swift; path = MainViewController.swift; sourceTree = "<group>"; };
		E918A3E773E5F643419610AB /* Pods_Banner_practice.framework */ = {isa = PBXFileReference; explicitFileType = wrapper.framework; includeInIndex = 0; path = Pods_Banner_practice.framework; sourceTree = BUILT_PRODUCTS_DIR; };
/* End PBXFileReference section */

/* Begin PBXFrameworksBuildPhase section */
		B8BA39452AA064B400F4B4F9 /* Frameworks */ = {
			isa = PBXFrameworksBuildPhase;
			buildActionMask = 2147483647;
			files = (
				07555D509F02077CB7D4CAB6 /* Pods_Banner_practice.framework in Frameworks */,
			);
			runOnlyForDeploymentPostprocessing = 0;
		};
/* End PBXFrameworksBuildPhase section */

/* Begin PBXGroup section */
		3F788BF567E9ECCD3C1D9803 /* Pods */ = {
			isa = PBXGroup;
			children = (
				35D2A4A3D7CD66E506B6956E /* Pods-Banner-practice.debug.xcconfig */,
				581F9DCCCB3FF8C5A66FE4D1 /* Pods-Banner-practice.release.xcconfig */,
			);
			path = Pods;
			sourceTree = "<group>";
		};
		B826A42C2AB4541A00B85DF5 /* Web */ = {
			isa = PBXGroup;
			children = (
				B826A42D2AB4542800B85DF5 /* CommonWebViewController.swift */,
				B826A42F2AB4543800B85DF5 /* CommonWebView.swift */,
			);
			path = Web;
			sourceTree = "<group>";
		};
		B83230882AA99AF60058EFCD /* Animation */ = {
			isa = PBXGroup;
			children = (
				B83230862AA99ADB0058EFCD /* AnimationViewController.swift */,
				B83230892AA99B0B0058EFCD /* AnimationViewModel.swift */,
				B832308B2AA9A35E0058EFCD /* Component */,
			);
			path = Animation;
			sourceTree = "<group>";
		};
		B832308B2AA9A35E0058EFCD /* Component */ = {
			isa = PBXGroup;
			children = (
				B855A1A02AAAEF1000C8AC65 /* Table */,
				B855A19F2AAAEF0900C8AC65 /* Thumbnail */,
				B855A19E2AAAEF0200C8AC65 /* NavigationBackground */,
			);
			path = Component;
			sourceTree = "<group>";
		};
		B855A19E2AAAEF0200C8AC65 /* NavigationBackground */ = {
			isa = PBXGroup;
			children = (
				B855A19A2AAAEB3200C8AC65 /* AnimateNavigationBackgroundView.swift */,
			);
			path = NavigationBackground;
			sourceTree = "<group>";
		};
		B855A19F2AAAEF0900C8AC65 /* Thumbnail */ = {
			isa = PBXGroup;
			children = (
				B855A1982AAAE5CA00C8AC65 /* AnimateThumbnailView.swift */,
			);
			path = Thumbnail;
			sourceTree = "<group>";
		};
		B855A1A02AAAEF1000C8AC65 /* Table */ = {
			isa = PBXGroup;
			children = (
				B855A19C2AAAED5800C8AC65 /* AnimateTableView.swift */,
				B855A1A12AAAEF1500C8AC65 /* Component */,
			);
			path = Table;
			sourceTree = "<group>";
		};
		B855A1A12AAAEF1500C8AC65 /* Component */ = {
			isa = PBXGroup;
			children = (
				B832308C2AA9A3710058EFCD /* AnimateItemTableViewCell.swift */,
				B832308E2AA9A3810058EFCD /* AnimateHeaderTableViewCell.swift */,
			);
			path = Component;
			sourceTree = "<group>";
		};
		B85A8B1F2AB2A6D500A6D50F /* Repository */ = {
			isa = PBXGroup;
			children = (
				B85A8B202AB2A6E200A6D50F /* CommonRepository.swift */,
			);
			path = Repository;
			sourceTree = "<group>";
		};
		B85A8B222AB2A78C00A6D50F /* Storage */ = {
			isa = PBXGroup;
			children = (
				B85A8B232AB2A79D00A6D50F /* StorageProtocol.swift */,
			);
			path = Storage;
			sourceTree = "<group>";
		};
		B85A8B272AB2BE8F00A6D50F /* Test */ = {
			isa = PBXGroup;
			children = (
				B85A8B3B2AB2D4C900A6D50F /* Pager */,
				B85A8B322AB2C41C00A6D50F /* TabBar */,
				B85A8B2C2AB2C03B00A6D50F /* PanModal */,
			);
			path = Test;
			sourceTree = "<group>";
		};
		B85A8B2C2AB2C03B00A6D50F /* PanModal */ = {
			isa = PBXGroup;
			children = (
				B85A8B252AB2BE5800A6D50F /* TestPanModal.swift */,
				B85A8B302AB2C07800A6D50F /* TestPanModalViewModel.swift */,
			);
			path = PanModal;
			sourceTree = "<group>";
		};
		B85A8B322AB2C41C00A6D50F /* TabBar */ = {
			isa = PBXGroup;
			children = (
				B85A8B4F2AB2FBE000A6D50F /* Component */,
				B85A8B332AB2C45D00A6D50F /* TestTabBarViewController.swift */,
			);
			path = TabBar;
			sourceTree = "<group>";
		};
		B85A8B3B2AB2D4C900A6D50F /* Pager */ = {
			isa = PBXGroup;
			children = (
				B85A8B402AB2D50900A6D50F /* Component */,
				B85A8B3C2AB2D4D400A6D50F /* TestPagerViewController.swift */,
				B85A8B3E2AB2D4DC00A6D50F /* TestPagerViewModel.swift */,
			);
			path = Pager;
			sourceTree = "<group>";
		};
		B85A8B402AB2D50900A6D50F /* Component */ = {
			isa = PBXGroup;
			children = (
				B85A8B432AB2D52E00A6D50F /* Alpha */,
				B85A8B442AB2D53400A6D50F /* Beta */,
			);
			path = Component;
			sourceTree = "<group>";
		};
		B85A8B432AB2D52E00A6D50F /* Alpha */ = {
			isa = PBXGroup;
			children = (
				B85A8B412AB2D51F00A6D50F /* TestChildAlphaViewController.swift */,
				B85A8B452AB2D54700A6D50F /* TestChildAlphaViewModel.swift */,
			);
			path = Alpha;
			sourceTree = "<group>";
		};
		B85A8B442AB2D53400A6D50F /* Beta */ = {
			isa = PBXGroup;
			children = (
				B85A8B472AB2D59A00A6D50F /* TestChildBetaViewController.swift */,
				B85A8B492AB2D5B600A6D50F /* TestChildBetaViewModel.swift */,
			);
			path = Beta;
			sourceTree = "<group>";
		};
		B85A8B4F2AB2FBE000A6D50F /* Component */ = {
			isa = PBXGroup;
			children = (
				B85A8B502AB2FBED00A6D50F /* TestMainViewController.swift */,
				B85A8B522AB2FC1D00A6D50F /* TestNFTViewController.swift */,
				B85A8B542AB2FC3700A6D50F /* TestMetaViewController.swift */,
			);
			path = Component;
			sourceTree = "<group>";
		};
		B862DC8F2AA069E000E3E3BC /* Component */ = {
			isa = PBXGroup;
			children = (
				B862DC902AA069F800E3E3BC /* MainBannerCollectionViewCell.swift */,
				B8A7980D2AA886D100C59C93 /* MainNavigationItemContainer.swift */,
			);
			path = Component;
			sourceTree = "<group>";
		};
		B862DC922AA0706D00E3E3BC /* Model */ = {
			isa = PBXGroup;
			children = (
				B862DC932AA074D900E3E3BC /* MainBannerItemAttribute.swift */,
			);
			path = Model;
			sourceTree = "<group>";
		};
		B86855E52AA5B17A000B65FC /* Model */ = {
			isa = PBXGroup;
			children = (
				B86855E62AA5B17E000B65FC /* Enums */,
			);
			path = Model;
			sourceTree = "<group>";
		};
		B86855E62AA5B17E000B65FC /* Enums */ = {
			isa = PBXGroup;
			children = (
				B86855E72AA5B1B2000B65FC /* BaseViewControllerLifeCycleStatus.swift */,
			);
			path = Enums;
			sourceTree = "<group>";
		};
		B86855E92AA5D5EC000B65FC /* Splash */ = {
			isa = PBXGroup;
			children = (
				B86855EA2AA6ACDF000B65FC /* SplashViewController.swift */,
				B86855EC2AA6ACFE000B65FC /* SplashViewModel.swift */,
			);
			path = Splash;
			sourceTree = "<group>";
		};
		B86855F02AA6F368000B65FC /* View */ = {
			isa = PBXGroup;
			children = (
				B85A8B392AB2D3C100A6D50F /* BasePagerViewController.swift */,
				B88427A02AA19CD600C6345F /* BaseViewController.swift */,
				B826A4282AB439FF00B85DF5 /* CommonPanModal.swift */,
				B826A42A2AB4446100B85DF5 /* BaseNavigationViewController.swift */,
			);
			path = View;
			sourceTree = "<group>";
		};
		B86855F12AA6F374000B65FC /* ViewModel */ = {
			isa = PBXGroup;
			children = (
				B88427A22AA19CE800C6345F /* BaseViewModel.swift */,
			);
			path = ViewModel;
			sourceTree = "<group>";
		};
		B87EF2202AAEEC61002C65A6 /* Resource */ = {
			isa = PBXGroup;
			children = (
				B87EF2222AAEEC71002C65A6 /* Lottie */,
				B87EF2212AAEEC6D002C65A6 /* Font */,
			);
			path = Resource;
			sourceTree = "<group>";
		};
		B87EF2212AAEEC6D002C65A6 /* Font */ = {
			isa = PBXGroup;
			children = (
				B87EF2232AAEEC80002C65A6 /* NotoSans-Regular.ttf */,
				B87EF2242AAEEC80002C65A6 /* NotoSans-SemiBold.ttf */,
			);
			path = Font;
			sourceTree = "<group>";
		};
		B87EF2222AAEEC71002C65A6 /* Lottie */ = {
			isa = PBXGroup;
			children = (
				B87EF2272AAEEF32002C65A6 /* defaultLoading.json */,
				B87EF22B2AAEF08C002C65A6 /* Lottie.swift */,
			);
			path = Lottie;
			sourceTree = "<group>";
		};
		B88427902AA1504700C6345F /* Extension */ = {
			isa = PBXGroup;
			children = (
				B88427932AA15EFE00C6345F /* UIViewController+extension.swift */,
				B84FE2E02AA809A600184D78 /* Rx+extension.swift */,
				B855A1962AA9BA9D00C8AC65 /* UIView+extension.swift */,
			);
			path = Extension;
			sourceTree = "<group>";
		};
		B88427952AA1725700C6345F /* CustomUI */ = {
			isa = PBXGroup;
			children = (
				B8AE12752AB025DA0074298E /* Entrance */,
				B88427962AA1726800C6345F /* UIIconImageView.swift */,
				B88AD6B62AAE9CFD008C5C16 /* CommonToast.swift */,
				B8AE12712AAFFC5E0074298E /* CommonEmptyView.swift */,
				B8AE127A2AB041A70074298E /* CommonRetryView.swift */,
				B8AE127C2AB06A0A0074298E /* RetryEnableProtocol.swift */,
			);
			path = CustomUI;
			sourceTree = "<group>";
		};
		B884279C2AA17FC700C6345F /* Repository */ = {
			isa = PBXGroup;
			children = (
				B884279D2AA17FE300C6345F /* MainRepository.swift */,
			);
			path = Repository;
			sourceTree = "<group>";
		};
		B884279F2AA19CC900C6345F /* Base */ = {
			isa = PBXGroup;
			children = (
				B85A8B222AB2A78C00A6D50F /* Storage */,
				B86855EE2AA6F321000B65FC /* BaseViewControllerProtocol.swift */,
				B86855E52AA5B17A000B65FC /* Model */,
				B86855F02AA6F368000B65FC /* View */,
				B86855F12AA6F374000B65FC /* ViewModel */,
			);
			path = Base;
			sourceTree = "<group>";
		};
		B8AE12752AB025DA0074298E /* Entrance */ = {
			isa = PBXGroup;
			children = (
				B87EF22D2AAEF2D0002C65A6 /* CommonLoadingView.swift */,
				B8AE12732AB002B80074298E /* CommonBlurView.swift */,
				B8AE12762AB025E70074298E /* EntranceViewProtocol.swift */,
			);
			path = Entrance;
			sourceTree = "<group>";
		};
		B8BA393F2AA064B400F4B4F9 = {
			isa = PBXGroup;
			children = (
				B8BA394A2AA064B400F4B4F9 /* Banner-practice */,
				B8BA39492AA064B400F4B4F9 /* Products */,
				3F788BF567E9ECCD3C1D9803 /* Pods */,
				BFE7E20F00CCEFFA53070B05 /* Frameworks */,
			);
			sourceTree = "<group>";
		};
		B8BA39492AA064B400F4B4F9 /* Products */ = {
			isa = PBXGroup;
			children = (
				B8BA39482AA064B400F4B4F9 /* Banner-practice.app */,
			);
			name = Products;
			sourceTree = "<group>";
		};
		B8BA394A2AA064B400F4B4F9 /* Banner-practice */ = {
			isa = PBXGroup;
			children = (
				B85A8B1F2AB2A6D500A6D50F /* Repository */,
				B884279F2AA19CC900C6345F /* Base */,
				B88427952AA1725700C6345F /* CustomUI */,
				B88427902AA1504700C6345F /* Extension */,
				B8BA39612AA064FF00F4B4F9 /* Feature */,
				B8BA39622AA0651C00F4B4F9 /* Support */,
			);
			path = "Banner-practice";
			sourceTree = "<group>";
		};
		B8BA39612AA064FF00F4B4F9 /* Feature */ = {
			isa = PBXGroup;
			children = (
				B826A42C2AB4541A00B85DF5 /* Web */,
				B85A8B272AB2BE8F00A6D50F /* Test */,
				B83230882AA99AF60058EFCD /* Animation */,
				B86855E92AA5D5EC000B65FC /* Splash */,
				B8BA39632AA0654A00F4B4F9 /* Main */,
			);
			path = Feature;
			sourceTree = "<group>";
		};
		B8BA39622AA0651C00F4B4F9 /* Support */ = {
			isa = PBXGroup;
			children = (
				B87EF2202AAEEC61002C65A6 /* Resource */,
				B87EF21E2AAEEC24002C65A6 /* R.generated.swift */,
				B8BA394B2AA064B400F4B4F9 /* AppDelegate.swift */,
				B8BA394D2AA064B400F4B4F9 /* SceneDelegate.swift */,
				B8BA39542AA064B500F4B4F9 /* Assets.xcassets */,
				B8BA39562AA064B500F4B4F9 /* LaunchScreen.storyboard */,
				B8BA39592AA064B500F4B4F9 /* Info.plist */,
				B85A8B4B2AB2D9B500A6D50F /* AppConfigure.swift */,
			);
			path = Support;
			sourceTree = "<group>";
		};
		B8BA39632AA0654A00F4B4F9 /* Main */ = {
			isa = PBXGroup;
			children = (
				B884279C2AA17FC700C6345F /* Repository */,
				B862DC922AA0706D00E3E3BC /* Model */,
				B8BA395F2AA064FB00F4B4F9 /* MainViewController.swift */,
				B862DC8D2AA0688100E3E3BC /* MainViewModel.swift */,
				B862DC8F2AA069E000E3E3BC /* Component */,
			);
			path = Main;
			sourceTree = "<group>";
		};
		BFE7E20F00CCEFFA53070B05 /* Frameworks */ = {
			isa = PBXGroup;
			children = (
				E918A3E773E5F643419610AB /* Pods_Banner_practice.framework */,
			);
			name = Frameworks;
			sourceTree = "<group>";
		};
/* End PBXGroup section */

/* Begin PBXNativeTarget section */
		B8BA39472AA064B400F4B4F9 /* Banner-practice */ = {
			isa = PBXNativeTarget;
			buildConfigurationList = B8BA395C2AA064B500F4B4F9 /* Build configuration list for PBXNativeTarget "Banner-practice" */;
			buildPhases = (
				15519B8C0349F2FD5E54B676 /* [CP] Check Pods Manifest.lock */,
				B87EF21D2AAEEB90002C65A6 /* R.swift */,
				B8BA39442AA064B400F4B4F9 /* Sources */,
				B8BA39452AA064B400F4B4F9 /* Frameworks */,
				B8BA39462AA064B400F4B4F9 /* Resources */,
				12A9F4CAC3417C1B8C28730C /* [CP] Embed Pods Frameworks */,
			);
			buildRules = (
			);
			dependencies = (
			);
			name = "Banner-practice";
			productName = "Banner-practice";
			productReference = B8BA39482AA064B400F4B4F9 /* Banner-practice.app */;
			productType = "com.apple.product-type.application";
		};
/* End PBXNativeTarget section */

/* Begin PBXProject section */
		B8BA39402AA064B400F4B4F9 /* Project object */ = {
			isa = PBXProject;
			attributes = {
				BuildIndependentTargetsInParallel = 1;
				LastSwiftUpdateCheck = 1430;
				LastUpgradeCheck = 1430;
				TargetAttributes = {
					B8BA39472AA064B400F4B4F9 = {
						CreatedOnToolsVersion = 14.3.1;
					};
				};
			};
			buildConfigurationList = B8BA39432AA064B400F4B4F9 /* Build configuration list for PBXProject "Banner-practice" */;
			compatibilityVersion = "Xcode 14.0";
			developmentRegion = en;
			hasScannedForEncodings = 0;
			knownRegions = (
				en,
				Base,
			);
			mainGroup = B8BA393F2AA064B400F4B4F9;
			productRefGroup = B8BA39492AA064B400F4B4F9 /* Products */;
			projectDirPath = "";
			projectRoot = "";
			targets = (
				B8BA39472AA064B400F4B4F9 /* Banner-practice */,
			);
		};
/* End PBXProject section */

/* Begin PBXResourcesBuildPhase section */
		B8BA39462AA064B400F4B4F9 /* Resources */ = {
			isa = PBXResourcesBuildPhase;
			buildActionMask = 2147483647;
			files = (
				B87EF2262AAEEE28002C65A6 /* NotoSans-Regular.ttf in Resources */,
				B87EF2282AAEEF32002C65A6 /* defaultLoading.json in Resources */,
				B8BA39582AA064B500F4B4F9 /* LaunchScreen.storyboard in Resources */,
				B8BA39552AA064B500F4B4F9 /* Assets.xcassets in Resources */,
				B87EF2252AAEEE25002C65A6 /* NotoSans-SemiBold.ttf in Resources */,
			);
			runOnlyForDeploymentPostprocessing = 0;
		};
/* End PBXResourcesBuildPhase section */

/* Begin PBXShellScriptBuildPhase section */
		12A9F4CAC3417C1B8C28730C /* [CP] Embed Pods Frameworks */ = {
			isa = PBXShellScriptBuildPhase;
			buildActionMask = 2147483647;
			files = (
			);
			inputFileListPaths = (
				"${PODS_ROOT}/Target Support Files/Pods-Banner-practice/Pods-Banner-practice-frameworks-${CONFIGURATION}-input-files.xcfilelist",
			);
			name = "[CP] Embed Pods Frameworks";
			outputFileListPaths = (
				"${PODS_ROOT}/Target Support Files/Pods-Banner-practice/Pods-Banner-practice-frameworks-${CONFIGURATION}-output-files.xcfilelist",
			);
			runOnlyForDeploymentPostprocessing = 0;
			shellPath = /bin/sh;
			shellScript = "\"${PODS_ROOT}/Target Support Files/Pods-Banner-practice/Pods-Banner-practice-frameworks.sh\"\n";
			showEnvVarsInLog = 0;
		};
		15519B8C0349F2FD5E54B676 /* [CP] Check Pods Manifest.lock */ = {
			isa = PBXShellScriptBuildPhase;
			buildActionMask = 2147483647;
			files = (
			);
			inputFileListPaths = (
			);
			inputPaths = (
				"${PODS_PODFILE_DIR_PATH}/Podfile.lock",
				"${PODS_ROOT}/Manifest.lock",
			);
			name = "[CP] Check Pods Manifest.lock";
			outputFileListPaths = (
			);
			outputPaths = (
				"$(DERIVED_FILE_DIR)/Pods-Banner-practice-checkManifestLockResult.txt",
			);
			runOnlyForDeploymentPostprocessing = 0;
			shellPath = /bin/sh;
			shellScript = "diff \"${PODS_PODFILE_DIR_PATH}/Podfile.lock\" \"${PODS_ROOT}/Manifest.lock\" > /dev/null\nif [ $? != 0 ] ; then\n    # print error to STDERR\n    echo \"error: The sandbox is not in sync with the Podfile.lock. Run 'pod install' or update your CocoaPods installation.\" >&2\n    exit 1\nfi\n# This output is used by Xcode 'outputs' to avoid re-running this script phase.\necho \"SUCCESS\" > \"${SCRIPT_OUTPUT_FILE_0}\"\n";
			showEnvVarsInLog = 0;
		};
		B87EF21D2AAEEB90002C65A6 /* R.swift */ = {
			isa = PBXShellScriptBuildPhase;
			buildActionMask = 2147483647;
			files = (
			);
			inputFileListPaths = (
			);
			inputPaths = (
				"$TEMP_DIR/rswift-lastrun",
			);
			name = R.swift;
			outputFileListPaths = (
			);
			outputPaths = (
				$SRCROOT/R.generated.swift,
			);
			runOnlyForDeploymentPostprocessing = 0;
			shellPath = /bin/sh;
			shellScript = "\"$PODS_ROOT/R.swift/rswift\" generate \"$SRCROOT/Banner-practice/Support/R.generated.swift\"\n";
		};
/* End PBXShellScriptBuildPhase section */

/* Begin PBXSourcesBuildPhase section */
		B8BA39442AA064B400F4B4F9 /* Sources */ = {
			isa = PBXSourcesBuildPhase;
			buildActionMask = 2147483647;
			files = (
				B8AE12722AAFFC5E0074298E /* CommonEmptyView.swift in Sources */,
				B87EF21F2AAEEC24002C65A6 /* R.generated.swift in Sources */,
				B826A4292AB439FF00B85DF5 /* CommonPanModal.swift in Sources */,
				B87EF22E2AAEF2D0002C65A6 /* CommonLoadingView.swift in Sources */,
				B86855ED2AA6ACFE000B65FC /* SplashViewModel.swift in Sources */,
				B862DC942AA074D900E3E3BC /* MainBannerItemAttribute.swift in Sources */,
				B855A1972AA9BA9D00C8AC65 /* UIView+extension.swift in Sources */,
				B88427A32AA19CE800C6345F /* BaseViewModel.swift in Sources */,
				B85A8B342AB2C45D00A6D50F /* TestTabBarViewController.swift in Sources */,
				B85A8B262AB2BE5800A6D50F /* TestPanModal.swift in Sources */,
				B862DC912AA069F800E3E3BC /* MainBannerCollectionViewCell.swift in Sources */,
				B88427972AA1726800C6345F /* UIIconImageView.swift in Sources */,
				B8BA39602AA064FB00F4B4F9 /* MainViewController.swift in Sources */,
				B85A8B552AB2FC3700A6D50F /* TestMetaViewController.swift in Sources */,
				B85A8B3D2AB2D4D400A6D50F /* TestPagerViewController.swift in Sources */,
				B832308A2AA99B0B0058EFCD /* AnimationViewModel.swift in Sources */,
				B85A8B4C2AB2D9B500A6D50F /* AppConfigure.swift in Sources */,
				B86855EB2AA6ACDF000B65FC /* SplashViewController.swift in Sources */,
				B8AE12742AB002B80074298E /* CommonBlurView.swift in Sources */,
				B8AE12772AB025E70074298E /* EntranceViewProtocol.swift in Sources */,
				B85A8B3F2AB2D4DC00A6D50F /* TestPagerViewModel.swift in Sources */,
				B832308F2AA9A3810058EFCD /* AnimateHeaderTableViewCell.swift in Sources */,
				B832308D2AA9A3710058EFCD /* AnimateItemTableViewCell.swift in Sources */,
				B855A19D2AAAED5800C8AC65 /* AnimateTableView.swift in Sources */,
				B8BA394C2AA064B400F4B4F9 /* AppDelegate.swift in Sources */,
				B88427A12AA19CD600C6345F /* BaseViewController.swift in Sources */,
				B8BA394E2AA064B400F4B4F9 /* SceneDelegate.swift in Sources */,
				B85A8B212AB2A6E200A6D50F /* CommonRepository.swift in Sources */,
				B8AE127B2AB041A70074298E /* CommonRetryView.swift in Sources */,
				B884279E2AA17FE300C6345F /* MainRepository.swift in Sources */,
				B83230872AA99ADB0058EFCD /* AnimationViewController.swift in Sources */,
				B85A8B312AB2C07800A6D50F /* TestPanModalViewModel.swift in Sources */,
				B85A8B512AB2FBED00A6D50F /* TestMainViewController.swift in Sources */,
				B88427942AA15EFE00C6345F /* UIViewController+extension.swift in Sources */,
				B826A42E2AB4542800B85DF5 /* CommonWebViewController.swift in Sources */,
				B85A8B4A2AB2D5B600A6D50F /* TestChildBetaViewModel.swift in Sources */,
				B86855E82AA5B1B2000B65FC /* BaseViewControllerLifeCycleStatus.swift in Sources */,
				B85A8B482AB2D59A00A6D50F /* TestChildBetaViewController.swift in Sources */,
				B87EF22C2AAEF08C002C65A6 /* Lottie.swift in Sources */,
				B855A19B2AAAEB3200C8AC65 /* AnimateNavigationBackgroundView.swift in Sources */,
				B855A1992AAAE5CA00C8AC65 /* AnimateThumbnailView.swift in Sources */,
				B85A8B532AB2FC1D00A6D50F /* TestNFTViewController.swift in Sources */,
				B8A7980E2AA886D100C59C93 /* MainNavigationItemContainer.swift in Sources */,
				B86855EF2AA6F321000B65FC /* BaseViewControllerProtocol.swift in Sources */,
				B826A4302AB4543800B85DF5 /* CommonWebView.swift in Sources */,
				B862DC8E2AA0688100E3E3BC /* MainViewModel.swift in Sources */,
				B85A8B422AB2D51F00A6D50F /* TestChildAlphaViewController.swift in Sources */,
				B88AD6B72AAE9CFD008C5C16 /* CommonToast.swift in Sources */,
				B8AE127D2AB06A0A0074298E /* RetryEnableProtocol.swift in Sources */,
				B85A8B242AB2A79D00A6D50F /* StorageProtocol.swift in Sources */,
				B84FE2E12AA809A600184D78 /* Rx+extension.swift in Sources */,
				B826A42B2AB4446100B85DF5 /* BaseNavigationViewController.swift in Sources */,
				B85A8B462AB2D54700A6D50F /* TestChildAlphaViewModel.swift in Sources */,
				B85A8B3A2AB2D3C100A6D50F /* BasePagerViewController.swift in Sources */,
			);
			runOnlyForDeploymentPostprocessing = 0;
		};
/* End PBXSourcesBuildPhase section */

/* Begin PBXVariantGroup section */
		B8BA39562AA064B500F4B4F9 /* LaunchScreen.storyboard */ = {
			isa = PBXVariantGroup;
			children = (
				B8BA39572AA064B500F4B4F9 /* Base */,
			);
			name = LaunchScreen.storyboard;
			sourceTree = "<group>";
		};
/* End PBXVariantGroup section */

/* Begin XCBuildConfiguration section */
		B8BA395A2AA064B500F4B4F9 /* Debug */ = {
			isa = XCBuildConfiguration;
			buildSettings = {
				ALWAYS_SEARCH_USER_PATHS = NO;
				CLANG_ANALYZER_NONNULL = YES;
				CLANG_ANALYZER_NUMBER_OBJECT_CONVERSION = YES_AGGRESSIVE;
				CLANG_CXX_LANGUAGE_STANDARD = "gnu++20";
				CLANG_ENABLE_MODULES = YES;
				CLANG_ENABLE_OBJC_ARC = YES;
				CLANG_ENABLE_OBJC_WEAK = YES;
				CLANG_WARN_BLOCK_CAPTURE_AUTORELEASING = YES;
				CLANG_WARN_BOOL_CONVERSION = YES;
				CLANG_WARN_COMMA = YES;
				CLANG_WARN_CONSTANT_CONVERSION = YES;
				CLANG_WARN_DEPRECATED_OBJC_IMPLEMENTATIONS = YES;
				CLANG_WARN_DIRECT_OBJC_ISA_USAGE = YES_ERROR;
				CLANG_WARN_DOCUMENTATION_COMMENTS = YES;
				CLANG_WARN_EMPTY_BODY = YES;
				CLANG_WARN_ENUM_CONVERSION = YES;
				CLANG_WARN_INFINITE_RECURSION = YES;
				CLANG_WARN_INT_CONVERSION = YES;
				CLANG_WARN_NON_LITERAL_NULL_CONVERSION = YES;
				CLANG_WARN_OBJC_IMPLICIT_RETAIN_SELF = YES;
				CLANG_WARN_OBJC_LITERAL_CONVERSION = YES;
				CLANG_WARN_OBJC_ROOT_CLASS = YES_ERROR;
				CLANG_WARN_QUOTED_INCLUDE_IN_FRAMEWORK_HEADER = YES;
				CLANG_WARN_RANGE_LOOP_ANALYSIS = YES;
				CLANG_WARN_STRICT_PROTOTYPES = YES;
				CLANG_WARN_SUSPICIOUS_MOVE = YES;
				CLANG_WARN_UNGUARDED_AVAILABILITY = YES_AGGRESSIVE;
				CLANG_WARN_UNREACHABLE_CODE = YES;
				CLANG_WARN__DUPLICATE_METHOD_MATCH = YES;
				COPY_PHASE_STRIP = NO;
				DEBUG_INFORMATION_FORMAT = dwarf;
				ENABLE_STRICT_OBJC_MSGSEND = YES;
				ENABLE_TESTABILITY = YES;
				GCC_C_LANGUAGE_STANDARD = gnu11;
				GCC_DYNAMIC_NO_PIC = NO;
				GCC_NO_COMMON_BLOCKS = YES;
				GCC_OPTIMIZATION_LEVEL = 0;
				GCC_PREPROCESSOR_DEFINITIONS = (
					"DEBUG=1",
					"$(inherited)",
				);
				GCC_WARN_64_TO_32_BIT_CONVERSION = YES;
				GCC_WARN_ABOUT_RETURN_TYPE = YES_ERROR;
				GCC_WARN_UNDECLARED_SELECTOR = YES;
				GCC_WARN_UNINITIALIZED_AUTOS = YES_AGGRESSIVE;
				GCC_WARN_UNUSED_FUNCTION = YES;
				GCC_WARN_UNUSED_VARIABLE = YES;
				IPHONEOS_DEPLOYMENT_TARGET = 16.4;
				MTL_ENABLE_DEBUG_INFO = INCLUDE_SOURCE;
				MTL_FAST_MATH = YES;
				ONLY_ACTIVE_ARCH = YES;
				SDKROOT = iphoneos;
				SWIFT_ACTIVE_COMPILATION_CONDITIONS = DEBUG;
				SWIFT_OPTIMIZATION_LEVEL = "-Onone";
			};
			name = Debug;
		};
		B8BA395B2AA064B500F4B4F9 /* Release */ = {
			isa = XCBuildConfiguration;
			buildSettings = {
				ALWAYS_SEARCH_USER_PATHS = NO;
				CLANG_ANALYZER_NONNULL = YES;
				CLANG_ANALYZER_NUMBER_OBJECT_CONVERSION = YES_AGGRESSIVE;
				CLANG_CXX_LANGUAGE_STANDARD = "gnu++20";
				CLANG_ENABLE_MODULES = YES;
				CLANG_ENABLE_OBJC_ARC = YES;
				CLANG_ENABLE_OBJC_WEAK = YES;
				CLANG_WARN_BLOCK_CAPTURE_AUTORELEASING = YES;
				CLANG_WARN_BOOL_CONVERSION = YES;
				CLANG_WARN_COMMA = YES;
				CLANG_WARN_CONSTANT_CONVERSION = YES;
				CLANG_WARN_DEPRECATED_OBJC_IMPLEMENTATIONS = YES;
				CLANG_WARN_DIRECT_OBJC_ISA_USAGE = YES_ERROR;
				CLANG_WARN_DOCUMENTATION_COMMENTS = YES;
				CLANG_WARN_EMPTY_BODY = YES;
				CLANG_WARN_ENUM_CONVERSION = YES;
				CLANG_WARN_INFINITE_RECURSION = YES;
				CLANG_WARN_INT_CONVERSION = YES;
				CLANG_WARN_NON_LITERAL_NULL_CONVERSION = YES;
				CLANG_WARN_OBJC_IMPLICIT_RETAIN_SELF = YES;
				CLANG_WARN_OBJC_LITERAL_CONVERSION = YES;
				CLANG_WARN_OBJC_ROOT_CLASS = YES_ERROR;
				CLANG_WARN_QUOTED_INCLUDE_IN_FRAMEWORK_HEADER = YES;
				CLANG_WARN_RANGE_LOOP_ANALYSIS = YES;
				CLANG_WARN_STRICT_PROTOTYPES = YES;
				CLANG_WARN_SUSPICIOUS_MOVE = YES;
				CLANG_WARN_UNGUARDED_AVAILABILITY = YES_AGGRESSIVE;
				CLANG_WARN_UNREACHABLE_CODE = YES;
				CLANG_WARN__DUPLICATE_METHOD_MATCH = YES;
				COPY_PHASE_STRIP = NO;
				DEBUG_INFORMATION_FORMAT = "dwarf-with-dsym";
				ENABLE_NS_ASSERTIONS = NO;
				ENABLE_STRICT_OBJC_MSGSEND = YES;
				GCC_C_LANGUAGE_STANDARD = gnu11;
				GCC_NO_COMMON_BLOCKS = YES;
				GCC_WARN_64_TO_32_BIT_CONVERSION = YES;
				GCC_WARN_ABOUT_RETURN_TYPE = YES_ERROR;
				GCC_WARN_UNDECLARED_SELECTOR = YES;
				GCC_WARN_UNINITIALIZED_AUTOS = YES_AGGRESSIVE;
				GCC_WARN_UNUSED_FUNCTION = YES;
				GCC_WARN_UNUSED_VARIABLE = YES;
				IPHONEOS_DEPLOYMENT_TARGET = 16.4;
				MTL_ENABLE_DEBUG_INFO = NO;
				MTL_FAST_MATH = YES;
				SDKROOT = iphoneos;
				SWIFT_COMPILATION_MODE = wholemodule;
				SWIFT_OPTIMIZATION_LEVEL = "-O";
				VALIDATE_PRODUCT = YES;
			};
			name = Release;
		};
		B8BA395D2AA064B500F4B4F9 /* Debug */ = {
			isa = XCBuildConfiguration;
			baseConfigurationReference = 35D2A4A3D7CD66E506B6956E /* Pods-Banner-practice.debug.xcconfig */;
			buildSettings = {
				ASSETCATALOG_COMPILER_APPICON_NAME = AppIcon;
				ASSETCATALOG_COMPILER_GLOBAL_ACCENT_COLOR_NAME = AccentColor;
				CODE_SIGN_STYLE = Automatic;
				CURRENT_PROJECT_VERSION = 1;
				DEVELOPMENT_TEAM = BXV27XC6DZ;
				GENERATE_INFOPLIST_FILE = YES;
				INFOPLIST_FILE = "Banner-practice/Support/Info.plist";
				INFOPLIST_KEY_UIApplicationSupportsIndirectInputEvents = YES;
				INFOPLIST_KEY_UILaunchStoryboardName = LaunchScreen;
				INFOPLIST_KEY_UISupportedInterfaceOrientations_iPad = "UIInterfaceOrientationPortrait UIInterfaceOrientationPortraitUpsideDown UIInterfaceOrientationLandscapeLeft UIInterfaceOrientationLandscapeRight";
				INFOPLIST_KEY_UISupportedInterfaceOrientations_iPhone = "UIInterfaceOrientationPortrait UIInterfaceOrientationLandscapeLeft UIInterfaceOrientationLandscapeRight";
				IPHONEOS_DEPLOYMENT_TARGET = 13.0;
				LD_RUNPATH_SEARCH_PATHS = (
					"$(inherited)",
					"@executable_path/Frameworks",
				);
				MARKETING_VERSION = 1.0;
				PRODUCT_BUNDLE_IDENTIFIER = "com.will-d.Banner-practice";
				PRODUCT_NAME = "$(TARGET_NAME)";
				SWIFT_EMIT_LOC_STRINGS = YES;
				SWIFT_VERSION = 5.0;
				TARGETED_DEVICE_FAMILY = "1,2";
			};
			name = Debug;
		};
		B8BA395E2AA064B500F4B4F9 /* Release */ = {
			isa = XCBuildConfiguration;
			baseConfigurationReference = 581F9DCCCB3FF8C5A66FE4D1 /* Pods-Banner-practice.release.xcconfig */;
			buildSettings = {
				ASSETCATALOG_COMPILER_APPICON_NAME = AppIcon;
				ASSETCATALOG_COMPILER_GLOBAL_ACCENT_COLOR_NAME = AccentColor;
				CODE_SIGN_STYLE = Automatic;
				CURRENT_PROJECT_VERSION = 1;
				DEVELOPMENT_TEAM = BXV27XC6DZ;
				GENERATE_INFOPLIST_FILE = YES;
				INFOPLIST_FILE = "Banner-practice/Support/Info.plist";
				INFOPLIST_KEY_UIApplicationSupportsIndirectInputEvents = YES;
				INFOPLIST_KEY_UILaunchStoryboardName = LaunchScreen;
				INFOPLIST_KEY_UISupportedInterfaceOrientations_iPad = "UIInterfaceOrientationPortrait UIInterfaceOrientationPortraitUpsideDown UIInterfaceOrientationLandscapeLeft UIInterfaceOrientationLandscapeRight";
				INFOPLIST_KEY_UISupportedInterfaceOrientations_iPhone = "UIInterfaceOrientationPortrait UIInterfaceOrientationLandscapeLeft UIInterfaceOrientationLandscapeRight";
				IPHONEOS_DEPLOYMENT_TARGET = 13.0;
				LD_RUNPATH_SEARCH_PATHS = (
					"$(inherited)",
					"@executable_path/Frameworks",
				);
				MARKETING_VERSION = 1.0;
				PRODUCT_BUNDLE_IDENTIFIER = "com.will-d.Banner-practice";
				PRODUCT_NAME = "$(TARGET_NAME)";
				SWIFT_EMIT_LOC_STRINGS = YES;
				SWIFT_VERSION = 5.0;
				TARGETED_DEVICE_FAMILY = "1,2";
			};
			name = Release;
		};
/* End XCBuildConfiguration section */

/* Begin XCConfigurationList section */
		B8BA39432AA064B400F4B4F9 /* Build configuration list for PBXProject "Banner-practice" */ = {
			isa = XCConfigurationList;
			buildConfigurations = (
				B8BA395A2AA064B500F4B4F9 /* Debug */,
				B8BA395B2AA064B500F4B4F9 /* Release */,
			);
			defaultConfigurationIsVisible = 0;
			defaultConfigurationName = Release;
		};
		B8BA395C2AA064B500F4B4F9 /* Build configuration list for PBXNativeTarget "Banner-practice" */ = {
			isa = XCConfigurationList;
			buildConfigurations = (
				B8BA395D2AA064B500F4B4F9 /* Debug */,
				B8BA395E2AA064B500F4B4F9 /* Release */,
			);
			defaultConfigurationIsVisible = 0;
			defaultConfigurationName = Release;
		};
/* End XCConfigurationList section */
	};
	rootObject = B8BA39402AA064B400F4B4F9 /* Project object */;
}
